
Microsoft Visual Studio Solution File, Format Version 12.00
# Visual Studio 14
VisualStudioVersion = 14.0.23107.0
MinimumVisualStudioVersion = 10.0.40219.1
Project("{2150E333-8FDC-42A3-9474-1A3956D46DE8}") = "Authentication", "Authentication", "{78EE9290-E7EA-4117-AFC6-5F452952E117}"
EndProject
Project("{FAE04EC0-301F-11D3-BF4B-00C04F79EFBC}") = "BasicAuth", "BasicAuth\BasicAuth.csproj", "{048C0F68-092B-440B-9DB6-E7F9CDC7F1DD}"
EndProject
Project("{FAE04EC0-301F-11D3-BF4B-00C04F79EFBC}") = "MailAuth", "MailAuth\MailAuth.csproj", "{65655B16-0618-467F-882E-9337FC1A0E50}"
EndProject
Project("{2150E333-8FDC-42A3-9474-1A3956D46DE8}") = "UI", "UI", "{A42273DD-5855-44A4-B5DF-861EC9350622}"
EndProject
Project("{FAE04EC0-301F-11D3-BF4B-00C04F79EFBC}") = "JQueryExtension", "JQueryExtension\JQueryExtension.csproj", "{C241D3B4-3F06-44BA-8886-2A21AB21D0ED}"
EndProject
Project("{FAE04EC0-301F-11D3-BF4B-00C04F79EFBC}") = "TinyMCE", "TinyMce\TinyMCE.csproj", "{E745FC7A-1711-47E6-AFC0-F4640CF173B4}"
EndProject
Project("{FAE04EC0-301F-11D3-BF4B-00C04F79EFBC}") = "GoogleExtension", "GoogleExtension\GoogleExtension.csproj", "{03EF2CD3-C5BA-447B-95C9-B8E67D032E1F}"
EndProject
Project("{2150E333-8FDC-42A3-9474-1A3956D46DE8}") = "Logging", "Logging", "{6D3B720A-3F8E-4CD4-9AA0-E1E75B3C1B15}"
EndProject
Project("{FAE04EC0-301F-11D3-BF4B-00C04F79EFBC}") = "DbLogException", "DbLogException\DbLogException.csproj", "{BA4A8D51-558A-470A-8C35-0176CB83F05A}"
EndProject
Project("{FAE04EC0-301F-11D3-BF4B-00C04F79EFBC}") = "DbTrace", "DbTrace\DbTrace.csproj", "{A0B5B7E5-7FF9-4B75-AF3D-1A5F640C8383}"
EndProject
Project("{FAE04EC0-301F-11D3-BF4B-00C04F79EFBC}") = "Bootstrap", "Bootstrap\Bootstrap.csproj", "{B0FA3DD1-1364-46D3-BFD3-AA19F264548C}"
EndProject
Project("{FAE04EC0-301F-11D3-BF4B-00C04F79EFBC}") = "Dhtmlx", "Dhtmlx\Dhtmlx.csproj", "{18A0AB5D-A252-4725-8136-BCE7AC9410FA}"
EndProject
Project("{2150E333-8FDC-42A3-9474-1A3956D46DE8}") = "Payment", "Payment", "{A7036E6F-2D62-4086-8CAD-B133E310C6CB}"
EndProject
Project("{FAE04EC0-301F-11D3-BF4B-00C04F79EFBC}") = "BootstrapDateTimePicker", "BootstrapDateTimePicker\BootstrapDateTimePicker.csproj", "{AB13FD30-FB1E-430F-878A-E710FF2B04C2}"
EndProject
Project("{FAE04EC0-301F-11D3-BF4B-00C04F79EFBC}") = "FacebookConnect", "FacebookConnect\FacebookConnect.csproj", "{379BC53B-3C9D-4D5F-8FB2-995F90A34D0B}"
EndProject
Project("{FAE04EC0-301F-11D3-BF4B-00C04F79EFBC}") = "LinkedInConnect", "LinkedInConnect\LinkedInConnect.csproj", "{D574AC14-F734-4040-8388-AFF5BC96A4CC}"
EndProject
Project("{FAE04EC0-301F-11D3-BF4B-00C04F79EFBC}") = "BootstrapSlider", "BootstrapSlider\BootstrapSlider.csproj", "{AECF9209-8582-4255-8CF3-ED9A03FA8250}"
EndProject
Project("{FAE04EC0-301F-11D3-BF4B-00C04F79EFBC}") = "JQueryRateIt", "JQueryStarRating\JQueryRateIt.csproj", "{35D868A6-9667-40FF-85F9-AE147F6CD56C}"
EndProject
Project("{FAE04EC0-301F-11D3-BF4B-00C04F79EFBC}") = "AspectizeMangoPay", "AspectizeMangoPay\AspectizeMangoPay.csproj", "{4B5360F5-5B41-4035-A46D-7832EE6579CD}"
EndProject
Global
	GlobalSection(SolutionConfigurationPlatforms) = preSolution
		Debug|Any CPU = Debug|Any CPU
		Release|Any CPU = Release|Any CPU
	EndGlobalSection
	GlobalSection(ProjectConfigurationPlatforms) = postSolution
		{048C0F68-092B-440B-9DB6-E7F9CDC7F1DD}.Debug|Any CPU.ActiveCfg = Debug|Any CPU
		{048C0F68-092B-440B-9DB6-E7F9CDC7F1DD}.Debug|Any CPU.Build.0 = Debug|Any CPU
		{048C0F68-092B-440B-9DB6-E7F9CDC7F1DD}.Release|Any CPU.ActiveCfg = Release|Any CPU
		{048C0F68-092B-440B-9DB6-E7F9CDC7F1DD}.Release|Any CPU.Build.0 = Release|Any CPU
		{65655B16-0618-467F-882E-9337FC1A0E50}.Debug|Any CPU.ActiveCfg = Debug|Any CPU
		{65655B16-0618-467F-882E-9337FC1A0E50}.Debug|Any CPU.Build.0 = Debug|Any CPU
		{65655B16-0618-467F-882E-9337FC1A0E50}.Release|Any CPU.ActiveCfg = Release|Any CPU
		{65655B16-0618-467F-882E-9337FC1A0E50}.Release|Any CPU.Build.0 = Release|Any CPU
		{C241D3B4-3F06-44BA-8886-2A21AB21D0ED}.Debug|Any CPU.ActiveCfg = Debug|Any CPU
		{C241D3B4-3F06-44BA-8886-2A21AB21D0ED}.Debug|Any CPU.Build.0 = Debug|Any CPU
		{C241D3B4-3F06-44BA-8886-2A21AB21D0ED}.Release|Any CPU.ActiveCfg = Release|Any CPU
		{C241D3B4-3F06-44BA-8886-2A21AB21D0ED}.Release|Any CPU.Build.0 = Release|Any CPU
		{E745FC7A-1711-47E6-AFC0-F4640CF173B4}.Debug|Any CPU.ActiveCfg = Debug|Any CPU
		{E745FC7A-1711-47E6-AFC0-F4640CF173B4}.Debug|Any CPU.Build.0 = Debug|Any CPU
		{E745FC7A-1711-47E6-AFC0-F4640CF173B4}.Release|Any CPU.ActiveCfg = Release|Any CPU
		{E745FC7A-1711-47E6-AFC0-F4640CF173B4}.Release|Any CPU.Build.0 = Release|Any CPU
		{03EF2CD3-C5BA-447B-95C9-B8E67D032E1F}.Debug|Any CPU.ActiveCfg = Debug|Any CPU
		{03EF2CD3-C5BA-447B-95C9-B8E67D032E1F}.Debug|Any CPU.Build.0 = Debug|Any CPU
		{03EF2CD3-C5BA-447B-95C9-B8E67D032E1F}.Release|Any CPU.ActiveCfg = Release|Any CPU
		{03EF2CD3-C5BA-447B-95C9-B8E67D032E1F}.Release|Any CPU.Build.0 = Release|Any CPU
		{BA4A8D51-558A-470A-8C35-0176CB83F05A}.Debug|Any CPU.ActiveCfg = Debug|Any CPU
		{BA4A8D51-558A-470A-8C35-0176CB83F05A}.Debug|Any CPU.Build.0 = Debug|Any CPU
		{BA4A8D51-558A-470A-8C35-0176CB83F05A}.Release|Any CPU.ActiveCfg = Release|Any CPU
		{BA4A8D51-558A-470A-8C35-0176CB83F05A}.Release|Any CPU.Build.0 = Release|Any CPU
		{A0B5B7E5-7FF9-4B75-AF3D-1A5F640C8383}.Debug|Any CPU.ActiveCfg = Debug|Any CPU
		{A0B5B7E5-7FF9-4B75-AF3D-1A5F640C8383}.Debug|Any CPU.Build.0 = Debug|Any CPU
		{A0B5B7E5-7FF9-4B75-AF3D-1A5F640C8383}.Release|Any CPU.ActiveCfg = Release|Any CPU
		{A0B5B7E5-7FF9-4B75-AF3D-1A5F640C8383}.Release|Any CPU.Build.0 = Release|Any CPU
		{B0FA3DD1-1364-46D3-BFD3-AA19F264548C}.Debug|Any CPU.ActiveCfg = Debug|Any CPU
		{B0FA3DD1-1364-46D3-BFD3-AA19F264548C}.Debug|Any CPU.Build.0 = Debug|Any CPU
		{B0FA3DD1-1364-46D3-BFD3-AA19F264548C}.Release|Any CPU.ActiveCfg = Release|Any CPU
		{B0FA3DD1-1364-46D3-BFD3-AA19F264548C}.Release|Any CPU.Build.0 = Release|Any CPU
		{18A0AB5D-A252-4725-8136-BCE7AC9410FA}.Debug|Any CPU.ActiveCfg = Debug|Any CPU
		{18A0AB5D-A252-4725-8136-BCE7AC9410FA}.Debug|Any CPU.Build.0 = Debug|Any CPU
		{18A0AB5D-A252-4725-8136-BCE7AC9410FA}.Release|Any CPU.ActiveCfg = Release|Any CPU
		{18A0AB5D-A252-4725-8136-BCE7AC9410FA}.Release|Any CPU.Build.0 = Release|Any CPU
		{AB13FD30-FB1E-430F-878A-E710FF2B04C2}.Debug|Any CPU.ActiveCfg = Debug|Any CPU
		{AB13FD30-FB1E-430F-878A-E710FF2B04C2}.Debug|Any CPU.Build.0 = Debug|Any CPU
		{AB13FD30-FB1E-430F-878A-E710FF2B04C2}.Release|Any CPU.ActiveCfg = Release|Any CPU
		{AB13FD30-FB1E-430F-878A-E710FF2B04C2}.Release|Any CPU.Build.0 = Release|Any CPU
		{379BC53B-3C9D-4D5F-8FB2-995F90A34D0B}.Debug|Any CPU.ActiveCfg = Debug|Any CPU
		{379BC53B-3C9D-4D5F-8FB2-995F90A34D0B}.Debug|Any CPU.Build.0 = Debug|Any CPU
		{379BC53B-3C9D-4D5F-8FB2-995F90A34D0B}.Release|Any CPU.ActiveCfg = Release|Any CPU
		{379BC53B-3C9D-4D5F-8FB2-995F90A34D0B}.Release|Any CPU.Build.0 = Release|Any CPU
		{D574AC14-F734-4040-8388-AFF5BC96A4CC}.Debug|Any CPU.ActiveCfg = Debug|Any CPU
		{D574AC14-F734-4040-8388-AFF5BC96A4CC}.Debug|Any CPU.Build.0 = Debug|Any CPU
		{D574AC14-F734-4040-8388-AFF5BC96A4CC}.Release|Any CPU.ActiveCfg = Release|Any CPU
		{D574AC14-F734-4040-8388-AFF5BC96A4CC}.Release|Any CPU.Build.0 = Release|Any CPU
		{AECF9209-8582-4255-8CF3-ED9A03FA8250}.Debug|Any CPU.ActiveCfg = Debug|Any CPU
		{AECF9209-8582-4255-8CF3-ED9A03FA8250}.Debug|Any CPU.Build.0 = Debug|Any CPU
		{AECF9209-8582-4255-8CF3-ED9A03FA8250}.Release|Any CPU.ActiveCfg = Release|Any CPU
		{AECF9209-8582-4255-8CF3-ED9A03FA8250}.Release|Any CPU.Build.0 = Release|Any CPU
		{35D868A6-9667-40FF-85F9-AE147F6CD56C}.Debug|Any CPU.ActiveCfg = Debug|Any CPU
		{35D868A6-9667-40FF-85F9-AE147F6CD56C}.Debug|Any CPU.Build.0 = Debug|Any CPU
		{35D868A6-9667-40FF-85F9-AE147F6CD56C}.Release|Any CPU.ActiveCfg = Release|Any CPU
		{35D868A6-9667-40FF-85F9-AE147F6CD56C}.Release|Any CPU.Build.0 = Release|Any CPU
		{4B5360F5-5B41-4035-A46D-7832EE6579CD}.Debug|Any CPU.ActiveCfg = Debug|Any CPU
		{4B5360F5-5B41-4035-A46D-7832EE6579CD}.Debug|Any CPU.Build.0 = Debug|Any CPU
		{4B5360F5-5B41-4035-A46D-7832EE6579CD}.Release|Any CPU.ActiveCfg = Release|Any CPU
		{4B5360F5-5B41-4035-A46D-7832EE6579CD}.Release|Any CPU.Build.0 = Release|Any CPU
	EndGlobalSection
	GlobalSection(SolutionProperties) = preSolution
		HideSolutionNode = FALSE
	EndGlobalSection
	GlobalSection(NestedProjects) = preSolution
		{048C0F68-092B-440B-9DB6-E7F9CDC7F1DD} = {78EE9290-E7EA-4117-AFC6-5F452952E117}
		{65655B16-0618-467F-882E-9337FC1A0E50} = {78EE9290-E7EA-4117-AFC6-5F452952E117}
		{C241D3B4-3F06-44BA-8886-2A21AB21D0ED} = {A42273DD-5855-44A4-B5DF-861EC9350622}
		{E745FC7A-1711-47E6-AFC0-F4640CF173B4} = {A42273DD-5855-44A4-B5DF-861EC9350622}
		{03EF2CD3-C5BA-447B-95C9-B8E67D032E1F} = {A42273DD-5855-44A4-B5DF-861EC9350622}
		{BA4A8D51-558A-470A-8C35-0176CB83F05A} = {6D3B720A-3F8E-4CD4-9AA0-E1E75B3C1B15}
		{A0B5B7E5-7FF9-4B75-AF3D-1A5F640C8383} = {6D3B720A-3F8E-4CD4-9AA0-E1E75B3C1B15}
		{B0FA3DD1-1364-46D3-BFD3-AA19F264548C} = {A42273DD-5855-44A4-B5DF-861EC9350622}
		{18A0AB5D-A252-4725-8136-BCE7AC9410FA} = {A42273DD-5855-44A4-B5DF-861EC9350622}
		{AB13FD30-FB1E-430F-878A-E710FF2B04C2} = {A42273DD-5855-44A4-B5DF-861EC9350622}
		{379BC53B-3C9D-4D5F-8FB2-995F90A34D0B} = {78EE9290-E7EA-4117-AFC6-5F452952E117}
		{D574AC14-F734-4040-8388-AFF5BC96A4CC} = {78EE9290-E7EA-4117-AFC6-5F452952E117}
		{AECF9209-8582-4255-8CF3-ED9A03FA8250} = {A42273DD-5855-44A4-B5DF-861EC9350622}
		{35D868A6-9667-40FF-85F9-AE147F6CD56C} = {A42273DD-5855-44A4-B5DF-861EC9350622}
		{4B5360F5-5B41-4035-A46D-7832EE6579CD} = {A7036E6F-2D62-4086-8CAD-B133E310C6CB}
	EndGlobalSection
EndGlobal
